
Microsoft Visual Studio Solution File, Format Version 12.00
Project("{FAE04EC0-301F-11D3-BF4B-00C04F79EFBC}") = "Axl", "src\Axl\Axl.csproj", "{93F0DF31-4DB4-4D70-B4C3-57600614A4A5}"
EndProject
Project("{FAE04EC0-301F-11D3-BF4B-00C04F79EFBC}") = "Axl.Compiler", "src\Axl.Compiler\Axl.Compiler.csproj", "{51B5B62B-5899-4926-9933-C2C3928B8B5C}"
EndProject
Project("{FAE04EC0-301F-11D3-BF4B-00C04F79EFBC}") = "Axl.Benchmarks", "benchmarks\Axl.Benchmarks\Axl.Benchmarks.csproj", "{C2A5E6B4-D8A4-4E91-92B6-4165D584DF62}"
EndProject
Project("{2150E333-8FDC-42A3-9474-1A3956D46DE8}") = "Scratch", "Scratch", "{7497C523-8AFC-4100-981F-F755FB2244B1}"
EndProject
Project("{2150E333-8FDC-42A3-9474-1A3956D46DE8}") = "Tests", "Tests", "{53DB2D80-E62A-42A8-A2F3-D0F41313FA8D}"
EndProject
Project("{FAE04EC0-301F-11D3-BF4B-00C04F79EFBC}") = "Axl.Compiler.UnitTests", "tests\Axl.Compiler.UnitTests\Axl.Compiler.UnitTests.csproj", "{720F36E0-EB72-40AD-A914-87B1D5C55D3F}"
EndProject
Project("{FAE04EC0-301F-11D3-BF4B-00C04F79EFBC}") = "Docs", "docs\Docs.csproj", "{9E57D2DE-118C-4E4B-B337-1BB79960FB42}"
EndProject
Global
	GlobalSection(SolutionConfigurationPlatforms) = preSolution
		Debug|Any CPU = Debug|Any CPU
		Release|Any CPU = Release|Any CPU
	EndGlobalSection
	GlobalSection(ProjectConfigurationPlatforms) = postSolution
		{93F0DF31-4DB4-4D70-B4C3-57600614A4A5}.Debug|Any CPU.ActiveCfg = Debug|Any CPU
		{93F0DF31-4DB4-4D70-B4C3-57600614A4A5}.Debug|Any CPU.Build.0 = Debug|Any CPU
		{93F0DF31-4DB4-4D70-B4C3-57600614A4A5}.Release|Any CPU.ActiveCfg = Release|Any CPU
		{93F0DF31-4DB4-4D70-B4C3-57600614A4A5}.Release|Any CPU.Build.0 = Release|Any CPU
		{247195A1-61F7-4744-9584-3DE5D5091272}.Debug|Any CPU.ActiveCfg = Debug|Any CPU
		{247195A1-61F7-4744-9584-3DE5D5091272}.Debug|Any CPU.Build.0 = Debug|Any CPU
		{247195A1-61F7-4744-9584-3DE5D5091272}.Release|Any CPU.ActiveCfg = Release|Any CPU
		{247195A1-61F7-4744-9584-3DE5D5091272}.Release|Any CPU.Build.0 = Release|Any CPU
		{51B5B62B-5899-4926-9933-C2C3928B8B5C}.Debug|Any CPU.ActiveCfg = Debug|Any CPU
		{51B5B62B-5899-4926-9933-C2C3928B8B5C}.Debug|Any CPU.Build.0 = Debug|Any CPU
		{51B5B62B-5899-4926-9933-C2C3928B8B5C}.Release|Any CPU.ActiveCfg = Release|Any CPU
		{51B5B62B-5899-4926-9933-C2C3928B8B5C}.Release|Any CPU.Build.0 = Release|Any CPU
		{C2A5E6B4-D8A4-4E91-92B6-4165D584DF62}.Debug|Any CPU.ActiveCfg = Debug|Any CPU
		{C2A5E6B4-D8A4-4E91-92B6-4165D584DF62}.Debug|Any CPU.Build.0 = Debug|Any CPU
		{C2A5E6B4-D8A4-4E91-92B6-4165D584DF62}.Release|Any CPU.ActiveCfg = Release|Any CPU
		{C2A5E6B4-D8A4-4E91-92B6-4165D584DF62}.Release|Any CPU.Build.0 = Release|Any CPU
		{720F36E0-EB72-40AD-A914-87B1D5C55D3F}.Debug|Any CPU.ActiveCfg = Debug|Any CPU
		{720F36E0-EB72-40AD-A914-87B1D5C55D3F}.Debug|Any CPU.Build.0 = Debug|Any CPU
		{720F36E0-EB72-40AD-A914-87B1D5C55D3F}.Release|Any CPU.ActiveCfg = Release|Any CPU
		{720F36E0-EB72-40AD-A914-87B1D5C55D3F}.Release|Any CPU.Build.0 = Release|Any CPU
		{9E57D2DE-118C-4E4B-B337-1BB79960FB42}.Debug|Any CPU.ActiveCfg = Debug|Any CPU
		{9E57D2DE-118C-4E4B-B337-1BB79960FB42}.Debug|Any CPU.Build.0 = Debug|Any CPU
		{9E57D2DE-118C-4E4B-B337-1BB79960FB42}.Release|Any CPU.ActiveCfg = Release|Any CPU
		{9E57D2DE-118C-4E4B-B337-1BB79960FB42}.Release|Any CPU.Build.0 = Release|Any CPU
	EndGlobalSection
	GlobalSection(NestedProjects) = preSolution
		{C2A5E6B4-D8A4-4E91-92B6-4165D584DF62} = {7497C523-8AFC-4100-981F-F755FB2244B1}
		{720F36E0-EB72-40AD-A914-87B1D5C55D3F} = {53DB2D80-E62A-42A8-A2F3-D0F41313FA8D}
	EndGlobalSection
EndGlobal
